
Microsoft Visual Studio Solution File, Format Version 12.00
# Visual Studio Version 17
VisualStudioVersion = 17.8.34330.188
MinimumVisualStudioVersion = 10.0.40219.1
Project("{FAE04EC0-301F-11D3-BF4B-00C04F79EFBC}") = "GearRatios", "GearRatios\GearRatios.csproj", "{7B0686C5-0364-49AC-8B69-3774CFCFE2FB}"
EndProject
Global
	GlobalSection(SolutionConfigurationPlatforms) = preSolution
		Debug|Any CPU = Debug|Any CPU
		Release|Any CPU = Release|Any CPU
	EndGlobalSection
	GlobalSection(ProjectConfigurationPlatforms) = postSolution
		{7B0686C5-0364-49AC-8B69-3774CFCFE2FB}.Debug|Any CPU.ActiveCfg = Debug|Any CPU
		{7B0686C5-0364-49AC-8B69-3774CFCFE2FB}.Debug|Any CPU.Build.0 = Debug|Any CPU
		{7B0686C5-0364-49AC-8B69-3774CFCFE2FB}.Release|Any CPU.ActiveCfg = Release|Any CPU
		{7B0686C5-0364-49AC-8B69-3774CFCFE2FB}.Release|Any CPU.Build.0 = Release|Any CPU
	EndGlobalSection
	GlobalSection(SolutionProperties) = preSolution
		HideSolutionNode = FALSE
	EndGlobalSection
	GlobalSection(ExtensibilityGlobals) = postSolution
		SolutionGuid = {9D90FD4F-CC16-4E7B-9F86-C3C71EB4442F}
	EndGlobalSection
EndGlobal
