
Microsoft Visual Studio Solution File, Format Version 12.00
# Visual Studio Version 17
VisualStudioVersion = 17.8.34330.188
MinimumVisualStudioVersion = 10.0.40219.1
Project("{FAE04EC0-301F-11D3-BF4B-00C04F79EFBC}") = "PointOfIncidence", "PointOfIncidence\PointOfIncidence.csproj", "{22E25DF0-B95B-45A3-81E2-22364BFDA2EE}"
EndProject
Global
	GlobalSection(SolutionConfigurationPlatforms) = preSolution
		Debug|Any CPU = Debug|Any CPU
		Release|Any CPU = Release|Any CPU
	EndGlobalSection
	GlobalSection(ProjectConfigurationPlatforms) = postSolution
		{22E25DF0-B95B-45A3-81E2-22364BFDA2EE}.Debug|Any CPU.ActiveCfg = Debug|Any CPU
		{22E25DF0-B95B-45A3-81E2-22364BFDA2EE}.Debug|Any CPU.Build.0 = Debug|Any CPU
		{22E25DF0-B95B-45A3-81E2-22364BFDA2EE}.Release|Any CPU.ActiveCfg = Release|Any CPU
		{22E25DF0-B95B-45A3-81E2-22364BFDA2EE}.Release|Any CPU.Build.0 = Release|Any CPU
	EndGlobalSection
	GlobalSection(SolutionProperties) = preSolution
		HideSolutionNode = FALSE
	EndGlobalSection
	GlobalSection(ExtensibilityGlobals) = postSolution
		SolutionGuid = {542FAC16-B030-403D-99E4-099C08711B71}
	EndGlobalSection
EndGlobal
