
Microsoft Visual Studio Solution File, Format Version 12.00
# Visual Studio Version 17
VisualStudioVersion = 17.8.34330.188
MinimumVisualStudioVersion = 10.0.40219.1
Project("{FAE04EC0-301F-11D3-BF4B-00C04F79EFBC}") = "TheFloorWillBeLava", "TheFloorWillBeLava\TheFloorWillBeLava.csproj", "{8E025B4E-F795-43AD-8A32-649DA0B772C8}"
EndProject
Global
	GlobalSection(SolutionConfigurationPlatforms) = preSolution
		Debug|Any CPU = Debug|Any CPU
		Release|Any CPU = Release|Any CPU
	EndGlobalSection
	GlobalSection(ProjectConfigurationPlatforms) = postSolution
		{8E025B4E-F795-43AD-8A32-649DA0B772C8}.Debug|Any CPU.ActiveCfg = Debug|Any CPU
		{8E025B4E-F795-43AD-8A32-649DA0B772C8}.Debug|Any CPU.Build.0 = Debug|Any CPU
		{8E025B4E-F795-43AD-8A32-649DA0B772C8}.Release|Any CPU.ActiveCfg = Release|Any CPU
		{8E025B4E-F795-43AD-8A32-649DA0B772C8}.Release|Any CPU.Build.0 = Release|Any CPU
	EndGlobalSection
	GlobalSection(SolutionProperties) = preSolution
		HideSolutionNode = FALSE
	EndGlobalSection
	GlobalSection(ExtensibilityGlobals) = postSolution
		SolutionGuid = {C1927919-CF08-4618-A290-D475D1676282}
	EndGlobalSection
EndGlobal
